# This file was autogenerated by Stack.
# You should not edit this file by hand.
# For more information, please see the documentation at:
#   https://docs.haskellstack.org/en/stable/lock_files

packages:
- completed:
    hackage: grid-7.8.14@sha256:15956664586968bb9bc19444d2db71ddb2bcde859a86d077b050d882ed513611,2045
    pantry-tree:
      size: 1926
      sha256: c8514cd556882df95ef172afb8dfafda17c6eb605d4dbbaff596ca3434725974
  original:
    hackage: grid-7.8.14
snapshots:
- completed:
    size: 533252
    url: https://raw.githubusercontent.com/commercialhaskell/stackage-snapshots/master/lts/16/26.yaml
    sha256: cdbc5db9c1afe80a5998247939027a0c7db92fa0f20b5cd01596ec3da628b622
  original: lts-16.26
